
Microsoft Visual Studio Solution File, Format Version 12.00
# Visual Studio 15
VisualStudioVersion = 15.0.27703.1
MinimumVisualStudioVersion = 10.0.40219.1
Project("{9A19103F-16F7-4668-BE54-9A1E7A4F7556}") = "dddtest", "dddtest\dddtest.csproj", "{044BF02A-E996-47E4-A24D-ED4400A9441E}"
EndProject
Project("{9A19103F-16F7-4668-BE54-9A1E7A4F7556}") = "Domain", "Domain\Domain.csproj", "{565437A5-CD05-4EFA-B22B-2AE459DD97BA}"
EndProject
Project("{9A19103F-16F7-4668-BE54-9A1E7A4F7556}") = "Infra", "Infra\Infra.csproj", "{827880A4-186D-44D7-A9DF-E652E235FB94}"
EndProject
Project("{9A19103F-16F7-4668-BE54-9A1E7A4F7556}") = "Application", "Application\Application.csproj", "{BB6B56C5-BEE8-49A1-A921-8AE4518E248D}"
EndProject
Project("{FAE04EC0-301F-11D3-BF4B-00C04F79EFBC}") = "DDD_Eample", "DDD_Eample\DDD_Eample.csproj", "{64D580CB-6610-4140-B1CE-E6AE6961039D}"
EndProject
Global
	GlobalSection(SolutionConfigurationPlatforms) = preSolution
		Debug|Any CPU = Debug|Any CPU
		Release|Any CPU = Release|Any CPU
	EndGlobalSection
	GlobalSection(ProjectConfigurationPlatforms) = postSolution
		{044BF02A-E996-47E4-A24D-ED4400A9441E}.Debug|Any CPU.ActiveCfg = Debug|Any CPU
		{044BF02A-E996-47E4-A24D-ED4400A9441E}.Debug|Any CPU.Build.0 = Debug|Any CPU
		{044BF02A-E996-47E4-A24D-ED4400A9441E}.Release|Any CPU.ActiveCfg = Release|Any CPU
		{044BF02A-E996-47E4-A24D-ED4400A9441E}.Release|Any CPU.Build.0 = Release|Any CPU
		{565437A5-CD05-4EFA-B22B-2AE459DD97BA}.Debug|Any CPU.ActiveCfg = Debug|Any CPU
		{565437A5-CD05-4EFA-B22B-2AE459DD97BA}.Debug|Any CPU.Build.0 = Debug|Any CPU
		{565437A5-CD05-4EFA-B22B-2AE459DD97BA}.Release|Any CPU.ActiveCfg = Release|Any CPU
		{565437A5-CD05-4EFA-B22B-2AE459DD97BA}.Release|Any CPU.Build.0 = Release|Any CPU
		{827880A4-186D-44D7-A9DF-E652E235FB94}.Debug|Any CPU.ActiveCfg = Debug|Any CPU
		{827880A4-186D-44D7-A9DF-E652E235FB94}.Debug|Any CPU.Build.0 = Debug|Any CPU
		{827880A4-186D-44D7-A9DF-E652E235FB94}.Release|Any CPU.ActiveCfg = Release|Any CPU
		{827880A4-186D-44D7-A9DF-E652E235FB94}.Release|Any CPU.Build.0 = Release|Any CPU
		{BB6B56C5-BEE8-49A1-A921-8AE4518E248D}.Debug|Any CPU.ActiveCfg = Debug|Any CPU
		{BB6B56C5-BEE8-49A1-A921-8AE4518E248D}.Debug|Any CPU.Build.0 = Debug|Any CPU
		{BB6B56C5-BEE8-49A1-A921-8AE4518E248D}.Release|Any CPU.ActiveCfg = Release|Any CPU
		{BB6B56C5-BEE8-49A1-A921-8AE4518E248D}.Release|Any CPU.Build.0 = Release|Any CPU
		{64D580CB-6610-4140-B1CE-E6AE6961039D}.Debug|Any CPU.ActiveCfg = Debug|Any CPU
		{64D580CB-6610-4140-B1CE-E6AE6961039D}.Debug|Any CPU.Build.0 = Debug|Any CPU
		{64D580CB-6610-4140-B1CE-E6AE6961039D}.Release|Any CPU.ActiveCfg = Release|Any CPU
		{64D580CB-6610-4140-B1CE-E6AE6961039D}.Release|Any CPU.Build.0 = Release|Any CPU
	EndGlobalSection
	GlobalSection(SolutionProperties) = preSolution
		HideSolutionNode = FALSE
	EndGlobalSection
	GlobalSection(ExtensibilityGlobals) = postSolution
		SolutionGuid = {7C9B688C-1C25-420D-BCDF-EA55323F5F6B}
	EndGlobalSection
EndGlobal
